
Microsoft Visual Studio Solution File, Format Version 12.00
Project("{FAE04EC0-301F-11D3-BF4B-00C04F79EFBC}") = "LetterFrequencyReader", "LetterFrequencyReader\LetterFrequencyReader.csproj", "{AB5CA701-ACDE-4D5F-AFAB-C7F49D8DD56E}"
EndProject
Global
	GlobalSection(SolutionConfigurationPlatforms) = preSolution
		Debug|Any CPU = Debug|Any CPU
		Release|Any CPU = Release|Any CPU
	EndGlobalSection
	GlobalSection(ProjectConfigurationPlatforms) = postSolution
		{AB5CA701-ACDE-4D5F-AFAB-C7F49D8DD56E}.Debug|Any CPU.ActiveCfg = Debug|Any CPU
		{AB5CA701-ACDE-4D5F-AFAB-C7F49D8DD56E}.Debug|Any CPU.Build.0 = Debug|Any CPU
		{AB5CA701-ACDE-4D5F-AFAB-C7F49D8DD56E}.Release|Any CPU.ActiveCfg = Release|Any CPU
		{AB5CA701-ACDE-4D5F-AFAB-C7F49D8DD56E}.Release|Any CPU.Build.0 = Release|Any CPU
	EndGlobalSection
EndGlobal
